
Microsoft Visual Studio Solution File, Format Version 12.00
# Visual Studio Version 17
VisualStudioVersion = 17.8.34525.116
MinimumVisualStudioVersion = 10.0.40219.1
Project("{FAE04EC0-301F-11D3-BF4B-00C04F79EFBC}") = "Aula30042024", "Aula30042024\Aula30042024.csproj", "{EC23D836-F629-430B-9054-4DF40828F48F}"
EndProject
Global
	GlobalSection(SolutionConfigurationPlatforms) = preSolution
		Debug|Any CPU = Debug|Any CPU
		Release|Any CPU = Release|Any CPU
	EndGlobalSection
	GlobalSection(ProjectConfigurationPlatforms) = postSolution
		{EC23D836-F629-430B-9054-4DF40828F48F}.Debug|Any CPU.ActiveCfg = Debug|Any CPU
		{EC23D836-F629-430B-9054-4DF40828F48F}.Debug|Any CPU.Build.0 = Debug|Any CPU
		{EC23D836-F629-430B-9054-4DF40828F48F}.Release|Any CPU.ActiveCfg = Release|Any CPU
		{EC23D836-F629-430B-9054-4DF40828F48F}.Release|Any CPU.Build.0 = Release|Any CPU
	EndGlobalSection
	GlobalSection(SolutionProperties) = preSolution
		HideSolutionNode = FALSE
	EndGlobalSection
	GlobalSection(ExtensibilityGlobals) = postSolution
		SolutionGuid = {5DDC8399-937D-4EFD-BBE1-FEC0487D9FDD}
	EndGlobalSection
EndGlobal
